// !$*UTF8*$!
{
	archiveVersion = 1;
	classes = {
	};
	objectVersion = 52;
	objects = {

/* Begin PBXBuildFile section */
		097C3F4025F4F9A00021AE12 /* ECBLE.swift in Sources */ = {isa = PBXBuildFile; fileRef = 097C3F3F25F4F9A00021AE12 /* ECBLE.swift */; };
		0989129F25F2506C006F3DFE /* AppDelegate.swift in Sources */ = {isa = PBXBuildFile; fileRef = 0989129E25F2506C006F3DFE /* AppDelegate.swift */; };
		098912A325F2506C006F3DFE /* ViewController.swift in Sources */ = {isa = PBXBuildFile; fileRef = 098912A225F2506C006F3DFE /* ViewController.swift */; };
		098912A625F2506C006F3DFE /* Main.storyboard in Resources */ = {isa = PBXBuildFile; fileRef = 098912A425F2506C006F3DFE /* Main.storyboard */; };
		098912A825F25074006F3DFE /* Assets.xcassets in Resources */ = {isa = PBXBuildFile; fileRef = 098912A725F25074006F3DFE /* Assets.xcassets */; };
		098912AB25F25074006F3DFE /* LaunchScreen.storyboard in Resources */ = {isa = PBXBuildFile; fileRef = 098912A925F25074006F3DFE /* LaunchScreen.storyboard */; };
		098912B625F25074006F3DFE /* bletoolTests.swift in Sources */ = {isa = PBXBuildFile; fileRef = 098912B525F25074006F3DFE /* bletoolTests.swift */; };
		098912C125F25074006F3DFE /* bletoolUITests.swift in Sources */ = {isa = PBXBuildFile; fileRef = 098912C025F25074006F3DFE /* bletoolUITests.swift */; };
		099C2AF025F3DEE20035F803 /* DeviceViewController.swift in Sources */ = {isa = PBXBuildFile; fileRef = 099C2AEF25F3DEE20035F803 /* DeviceViewController.swift */; };
		09BD4C1125F28D9F0009E153 /* ecble.png in Resources */ = {isa = PBXBuildFile; fileRef = 09BD4C0825F28D9F0009E153 /* ecble.png */; };
		09BD4C1225F28D9F0009E153 /* s5.png in Resources */ = {isa = PBXBuildFile; fileRef = 09BD4C0925F28D9F0009E153 /* s5.png */; };
		09BD4C1325F28D9F0009E153 /* s4.png in Resources */ = {isa = PBXBuildFile; fileRef = 09BD4C0A25F28D9F0009E153 /* s4.png */; };
		09BD4C1425F28D9F0009E153 /* s1.png in Resources */ = {isa = PBXBuildFile; fileRef = 09BD4C0B25F28D9F0009E153 /* s1.png */; };
		09BD4C1525F28D9F0009E153 /* s3.png in Resources */ = {isa = PBXBuildFile; fileRef = 09BD4C0C25F28D9F0009E153 /* s3.png */; };
		09BD4C1625F28D9F0009E153 /* s2.png in Resources */ = {isa = PBXBuildFile; fileRef = 09BD4C0D25F28D9F0009E153 /* s2.png */; };
		09BD4C1825F28D9F0009E153 /* ble.png in Resources */ = {isa = PBXBuildFile; fileRef = 09BD4C0F25F28D9F0009E153 /* ble.png */; };
		09BD4C1925F28D9F0009E153 /* back.png in Resources */ = {isa = PBXBuildFile; fileRef = 09BD4C1025F28D9F0009E153 /* back.png */; };
		3D3DAFE9B2BED457FBED1AFD /* Pods_bletool.framework in Frameworks */ = {isa = PBXBuildFile; fileRef = 790C86D231F5DD051A3B4DAC /* Pods_bletool.framework */; };
		632391D2A839962600B782A7 /* Pods_bletool_bletoolUITests.framework in Frameworks */ = {isa = PBXBuildFile; fileRef = A53B7DF00C025B2A360C481D /* Pods_bletool_bletoolUITests.framework */; };
		CCCB62B33B3B30CECA65E880 /* Pods_bletoolTests.framework in Frameworks */ = {isa = PBXBuildFile; fileRef = 9AB8C16CF519401F16FD931E /* Pods_bletoolTests.framework */; };
		EE52B86227F04C8E00AF6706 /* rf_model.mlmodel in Sources */ = {isa = PBXBuildFile; fileRef = EE52B86127F04C8E00AF6706 /* rf_model.mlmodel */; };
		EE52B87127F05C0100AF6706 /* FirebaseAnalytics in Frameworks */ = {isa = PBXBuildFile; productRef = EE52B87027F05C0100AF6706 /* FirebaseAnalytics */; };
		EE52B87327F05C0100AF6706 /* FirebaseDatabase in Frameworks */ = {isa = PBXBuildFile; productRef = EE52B87227F05C0100AF6706 /* FirebaseDatabase */; };
		EE94AA8927B6C76C0023F50D /* logo.png in Resources */ = {isa = PBXBuildFile; fileRef = EE94AA8827B6C76C0023F50D /* logo.png */; };
		EEAFF7D727BB2B9E00F45DBF /* GoogleService-Info.plist in Resources */ = {isa = PBXBuildFile; fileRef = EEAFF7D627BB2B9D00F45DBF /* GoogleService-Info.plist */; };
		EEAFF7D827BB2B9E00F45DBF /* GoogleService-Info.plist in Resources */ = {isa = PBXBuildFile; fileRef = EEAFF7D627BB2B9D00F45DBF /* GoogleService-Info.plist */; };
		EEAFF7D927BB2B9E00F45DBF /* GoogleService-Info.plist in Resources */ = {isa = PBXBuildFile; fileRef = EEAFF7D627BB2B9D00F45DBF /* GoogleService-Info.plist */; };
/* End PBXBuildFile section */

/* Begin PBXContainerItemProxy section */
		098912B225F25074006F3DFE /* PBXContainerItemProxy */ = {
			isa = PBXContainerItemProxy;
			containerPortal = 0989129325F2506C006F3DFE /* Project object */;
			proxyType = 1;
			remoteGlobalIDString = 0989129A25F2506C006F3DFE;
			remoteInfo = bletool;
		};
		098912BD25F25074006F3DFE /* PBXContainerItemProxy */ = {
			isa = PBXContainerItemProxy;
			containerPortal = 0989129325F2506C006F3DFE /* Project object */;
			proxyType = 1;
			remoteGlobalIDString = 0989129A25F2506C006F3DFE;
			remoteInfo = bletool;
		};
/* End PBXContainerItemProxy section */

/* Begin PBXFileReference section */
		097C3F3F25F4F9A00021AE12 /* ECBLE.swift */ = {isa = PBXFileReference; fileEncoding = 4; lastKnownFileType = sourcecode.swift; path = ECBLE.swift; sourceTree = "<group>"; };
		0989129B25F2506C006F3DFE /* bletool.app */ = {isa = PBXFileReference; explicitFileType = wrapper.application; includeInIndex = 0; path = bletool.app; sourceTree = BUILT_PRODUCTS_DIR; };
		0989129E25F2506C006F3DFE /* AppDelegate.swift */ = {isa = PBXFileReference; lastKnownFileType = sourcecode.swift; path = AppDelegate.swift; sourceTree = "<group>"; };
		098912A225F2506C006F3DFE /* ViewController.swift */ = {isa = PBXFileReference; lastKnownFileType = sourcecode.swift; path = ViewController.swift; sourceTree = "<group>"; };
		098912A525F2506C006F3DFE /* Base */ = {isa = PBXFileReference; lastKnownFileType = file.storyboard; name = Base; path = Base.lproj/Main.storyboard; sourceTree = "<group>"; };
		098912A725F25074006F3DFE /* Assets.xcassets */ = {isa = PBXFileReference; lastKnownFileType = folder.assetcatalog; path = Assets.xcassets; sourceTree = "<group>"; };
		098912AA25F25074006F3DFE /* Base */ = {isa = PBXFileReference; lastKnownFileType = file.storyboard; name = Base; path = Base.lproj/LaunchScreen.storyboard; sourceTree = "<group>"; };
		098912AC25F25074006F3DFE /* Info.plist */ = {isa = PBXFileReference; lastKnownFileType = text.plist.xml; path = Info.plist; sourceTree = "<group>"; };
		098912B125F25074006F3DFE /* bletoolTests.xctest */ = {isa = PBXFileReference; explicitFileType = wrapper.cfbundle; includeInIndex = 0; path = bletoolTests.xctest; sourceTree = BUILT_PRODUCTS_DIR; };
		098912B525F25074006F3DFE /* bletoolTests.swift */ = {isa = PBXFileReference; lastKnownFileType = sourcecode.swift; path = bletoolTests.swift; sourceTree = "<group>"; };
		098912B725F25074006F3DFE /* Info.plist */ = {isa = PBXFileReference; lastKnownFileType = text.plist.xml; path = Info.plist; sourceTree = "<group>"; };
		098912BC25F25074006F3DFE /* bletoolUITests.xctest */ = {isa = PBXFileReference; explicitFileType = wrapper.cfbundle; includeInIndex = 0; path = bletoolUITests.xctest; sourceTree = BUILT_PRODUCTS_DIR; };
		098912C025F25074006F3DFE /* bletoolUITests.swift */ = {isa = PBXFileReference; lastKnownFileType = sourcecode.swift; path = bletoolUITests.swift; sourceTree = "<group>"; };
		098912C225F25074006F3DFE /* Info.plist */ = {isa = PBXFileReference; lastKnownFileType = text.plist.xml; path = Info.plist; sourceTree = "<group>"; };
		099C2AEF25F3DEE20035F803 /* DeviceViewController.swift */ = {isa = PBXFileReference; lastKnownFileType = sourcecode.swift; path = DeviceViewController.swift; sourceTree = "<group>"; };
		09BD4C0825F28D9F0009E153 /* ecble.png */ = {isa = PBXFileReference; lastKnownFileType = image.png; path = ecble.png; sourceTree = "<group>"; };
		09BD4C0925F28D9F0009E153 /* s5.png */ = {isa = PBXFileReference; lastKnownFileType = image.png; path = s5.png; sourceTree = "<group>"; };
		09BD4C0A25F28D9F0009E153 /* s4.png */ = {isa = PBXFileReference; lastKnownFileType = image.png; path = s4.png; sourceTree = "<group>"; };
		09BD4C0B25F28D9F0009E153 /* s1.png */ = {isa = PBXFileReference; lastKnownFileType = image.png; path = s1.png; sourceTree = "<group>"; };
		09BD4C0C25F28D9F0009E153 /* s3.png */ = {isa = PBXFileReference; lastKnownFileType = image.png; path = s3.png; sourceTree = "<group>"; };
		09BD4C0D25F28D9F0009E153 /* s2.png */ = {isa = PBXFileReference; lastKnownFileType = image.png; path = s2.png; sourceTree = "<group>"; };
		09BD4C0F25F28D9F0009E153 /* ble.png */ = {isa = PBXFileReference; lastKnownFileType = image.png; path = ble.png; sourceTree = "<group>"; };
		09BD4C1025F28D9F0009E153 /* back.png */ = {isa = PBXFileReference; lastKnownFileType = image.png; path = back.png; sourceTree = "<group>"; };
		1645DAD8924A62B91905C7BD /* Pods-bletool-bletoolUITests.debug.xcconfig */ = {isa = PBXFileReference; includeInIndex = 1; lastKnownFileType = text.xcconfig; name = "Pods-bletool-bletoolUITests.debug.xcconfig"; path = "Target Support Files/Pods-bletool-bletoolUITests/Pods-bletool-bletoolUITests.debug.xcconfig"; sourceTree = "<group>"; };
		58BDAC886E8EC99986B16686 /* Pods-bletool.debug.xcconfig */ = {isa = PBXFileReference; includeInIndex = 1; lastKnownFileType = text.xcconfig; name = "Pods-bletool.debug.xcconfig"; path = "Target Support Files/Pods-bletool/Pods-bletool.debug.xcconfig"; sourceTree = "<group>"; };
		5F1C2046380B0AAD46AC1DC5 /* Pods-bletoolTests.release.xcconfig */ = {isa = PBXFileReference; includeInIndex = 1; lastKnownFileType = text.xcconfig; name = "Pods-bletoolTests.release.xcconfig"; path = "Target Support Files/Pods-bletoolTests/Pods-bletoolTests.release.xcconfig"; sourceTree = "<group>"; };
		70355D2AD31FE06D7E271020 /* Pods-bletool-bletoolUITests.release.xcconfig */ = {isa = PBXFileReference; includeInIndex = 1; lastKnownFileType = text.xcconfig; name = "Pods-bletool-bletoolUITests.release.xcconfig"; path = "Target Support Files/Pods-bletool-bletoolUITests/Pods-bletool-bletoolUITests.release.xcconfig"; sourceTree = "<group>"; };
		790C86D231F5DD051A3B4DAC /* Pods_bletool.framework */ = {isa = PBXFileReference; explicitFileType = wrapper.framework; includeInIndex = 0; path = Pods_bletool.framework; sourceTree = BUILT_PRODUCTS_DIR; };
		7F251D5110CAFFB97C7890E1 /* Pods-bletool.release.xcconfig */ = {isa = PBXFileReference; includeInIndex = 1; lastKnownFileType = text.xcconfig; name = "Pods-bletool.release.xcconfig"; path = "Target Support Files/Pods-bletool/Pods-bletool.release.xcconfig"; sourceTree = "<group>"; };
		9AB8C16CF519401F16FD931E /* Pods_bletoolTests.framework */ = {isa = PBXFileReference; explicitFileType = wrapper.framework; includeInIndex = 0; path = Pods_bletoolTests.framework; sourceTree = BUILT_PRODUCTS_DIR; };
		A53B7DF00C025B2A360C481D /* Pods_bletool_bletoolUITests.framework */ = {isa = PBXFileReference; explicitFileType = wrapper.framework; includeInIndex = 0; path = Pods_bletool_bletoolUITests.framework; sourceTree = BUILT_PRODUCTS_DIR; };
		BC49F8341B7702B05007E662 /* Pods-bletoolTests.debug.xcconfig */ = {isa = PBXFileReference; includeInIndex = 1; lastKnownFileType = text.xcconfig; name = "Pods-bletoolTests.debug.xcconfig"; path = "Target Support Files/Pods-bletoolTests/Pods-bletoolTests.debug.xcconfig"; sourceTree = "<group>"; };
		EE52B86127F04C8E00AF6706 /* rf_model.mlmodel */ = {isa = PBXFileReference; lastKnownFileType = file.mlmodel; name = rf_model.mlmodel; path = model/rf_model.mlmodel; sourceTree = "<group>"; };
		EE94AA8827B6C76C0023F50D /* logo.png */ = {isa = PBXFileReference; lastKnownFileType = image.png; path = logo.png; sourceTree = "<group>"; };
		EEAFF7D627BB2B9D00F45DBF /* GoogleService-Info.plist */ = {isa = PBXFileReference; fileEncoding = 4; lastKnownFileType = text.plist.xml; path = "GoogleService-Info.plist"; sourceTree = "<group>"; };
/* End PBXFileReference section */

/* Begin PBXFrameworksBuildPhase section */
		0989129825F2506C006F3DFE /* Frameworks */ = {
			isa = PBXFrameworksBuildPhase;
			buildActionMask = 2147483647;
			files = (
				EE52B87327F05C0100AF6706 /* FirebaseDatabase in Frameworks */,
				EE52B87127F05C0100AF6706 /* FirebaseAnalytics in Frameworks */,
				3D3DAFE9B2BED457FBED1AFD /* Pods_bletool.framework in Frameworks */,
			);
			runOnlyForDeploymentPostprocessing = 0;
		};
		098912AE25F25074006F3DFE /* Frameworks */ = {
			isa = PBXFrameworksBuildPhase;
			buildActionMask = 2147483647;
			files = (
				CCCB62B33B3B30CECA65E880 /* Pods_bletoolTests.framework in Frameworks */,
			);
			runOnlyForDeploymentPostprocessing = 0;
		};
		098912B925F25074006F3DFE /* Frameworks */ = {
			isa = PBXFrameworksBuildPhase;
			buildActionMask = 2147483647;
			files = (
				632391D2A839962600B782A7 /* Pods_bletool_bletoolUITests.framework in Frameworks */,
			);
			runOnlyForDeploymentPostprocessing = 0;
		};
/* End PBXFrameworksBuildPhase section */

/* Begin PBXGroup section */
		0989129225F2506C006F3DFE = {
			isa = PBXGroup;
			children = (
				0989129D25F2506C006F3DFE /* bletool */,
				098912B425F25074006F3DFE /* bletoolTests */,
				098912BF25F25074006F3DFE /* bletoolUITests */,
				0989129C25F2506C006F3DFE /* Products */,
				2C270AA1EA9CD0D91957487A /* Pods */,
				D0F0D41553DD33B34D5711FD /* Frameworks */,
			);
			sourceTree = "<group>";
		};
		0989129C25F2506C006F3DFE /* Products */ = {
			isa = PBXGroup;
			children = (
				0989129B25F2506C006F3DFE /* bletool.app */,
				098912B125F25074006F3DFE /* bletoolTests.xctest */,
				098912BC25F25074006F3DFE /* bletoolUITests.xctest */,
			);
			name = Products;
			sourceTree = "<group>";
		};
		0989129D25F2506C006F3DFE /* bletool */ = {
			isa = PBXGroup;
			children = (
				EE52B86127F04C8E00AF6706 /* rf_model.mlmodel */,
				EEAFF7D627BB2B9D00F45DBF /* GoogleService-Info.plist */,
				097C3F3F25F4F9A00021AE12 /* ECBLE.swift */,
				0989129E25F2506C006F3DFE /* AppDelegate.swift */,
				099C2AEF25F3DEE20035F803 /* DeviceViewController.swift */,
				098912A225F2506C006F3DFE /* ViewController.swift */,
				098912A425F2506C006F3DFE /* Main.storyboard */,
				098912A725F25074006F3DFE /* Assets.xcassets */,
				098912A925F25074006F3DFE /* LaunchScreen.storyboard */,
				098912AC25F25074006F3DFE /* Info.plist */,
				09BD4C0725F28D9F0009E153 /* img */,
			);
			path = bletool;
			sourceTree = "<group>";
		};
		098912B425F25074006F3DFE /* bletoolTests */ = {
			isa = PBXGroup;
			children = (
				098912B525F25074006F3DFE /* bletoolTests.swift */,
				098912B725F25074006F3DFE /* Info.plist */,
			);
			path = bletoolTests;
			sourceTree = "<group>";
		};
		098912BF25F25074006F3DFE /* bletoolUITests */ = {
			isa = PBXGroup;
			children = (
				098912C025F25074006F3DFE /* bletoolUITests.swift */,
				098912C225F25074006F3DFE /* Info.plist */,
			);
			path = bletoolUITests;
			sourceTree = "<group>";
		};
		09BD4C0725F28D9F0009E153 /* img */ = {
			isa = PBXGroup;
			children = (
				09BD4C0825F28D9F0009E153 /* ecble.png */,
				09BD4C0925F28D9F0009E153 /* s5.png */,
				EE94AA8827B6C76C0023F50D /* logo.png */,
				09BD4C0A25F28D9F0009E153 /* s4.png */,
				09BD4C0B25F28D9F0009E153 /* s1.png */,
				09BD4C0C25F28D9F0009E153 /* s3.png */,
				09BD4C0D25F28D9F0009E153 /* s2.png */,
				09BD4C0F25F28D9F0009E153 /* ble.png */,
				09BD4C1025F28D9F0009E153 /* back.png */,
			);
			path = img;
			sourceTree = "<group>";
		};
		2C270AA1EA9CD0D91957487A /* Pods */ = {
			isa = PBXGroup;
			children = (
				58BDAC886E8EC99986B16686 /* Pods-bletool.debug.xcconfig */,
				7F251D5110CAFFB97C7890E1 /* Pods-bletool.release.xcconfig */,
				1645DAD8924A62B91905C7BD /* Pods-bletool-bletoolUITests.debug.xcconfig */,
				70355D2AD31FE06D7E271020 /* Pods-bletool-bletoolUITests.release.xcconfig */,
				BC49F8341B7702B05007E662 /* Pods-bletoolTests.debug.xcconfig */,
				5F1C2046380B0AAD46AC1DC5 /* Pods-bletoolTests.release.xcconfig */,
			);
			path = Pods;
			sourceTree = "<group>";
		};
		D0F0D41553DD33B34D5711FD /* Frameworks */ = {
			isa = PBXGroup;
			children = (
				790C86D231F5DD051A3B4DAC /* Pods_bletool.framework */,
				A53B7DF00C025B2A360C481D /* Pods_bletool_bletoolUITests.framework */,
				9AB8C16CF519401F16FD931E /* Pods_bletoolTests.framework */,
			);
			name = Frameworks;
			sourceTree = "<group>";
		};
/* End PBXGroup section */

/* Begin PBXNativeTarget section */
		0989129A25F2506C006F3DFE /* bletool */ = {
			isa = PBXNativeTarget;
			buildConfigurationList = 098912C525F25074006F3DFE /* Build configuration list for PBXNativeTarget "bletool" */;
			buildPhases = (
				80BB00E957F6A4FD777BB9A3 /* [CP] Check Pods Manifest.lock */,
				0989129725F2506C006F3DFE /* Sources */,
				0989129825F2506C006F3DFE /* Frameworks */,
				0989129925F2506C006F3DFE /* Resources */,
				01298C75864E69237A8575B7 /* [CP] Embed Pods Frameworks */,
			);
			buildRules = (
			);
			dependencies = (
			);
			name = bletool;
			packageProductDependencies = (
				EE52B87027F05C0100AF6706 /* FirebaseAnalytics */,
				EE52B87227F05C0100AF6706 /* FirebaseDatabase */,
			);
			productName = bletool;
			productReference = 0989129B25F2506C006F3DFE /* bletool.app */;
			productType = "com.apple.product-type.application";
		};
		098912B025F25074006F3DFE /* bletoolTests */ = {
			isa = PBXNativeTarget;
			buildConfigurationList = 098912C825F25074006F3DFE /* Build configuration list for PBXNativeTarget "bletoolTests" */;
			buildPhases = (
				1E4470AAE48F82490C77E2D3 /* [CP] Check Pods Manifest.lock */,
				098912AD25F25074006F3DFE /* Sources */,
				098912AE25F25074006F3DFE /* Frameworks */,
				098912AF25F25074006F3DFE /* Resources */,
			);
			buildRules = (
			);
			dependencies = (
				098912B325F25074006F3DFE /* PBXTargetDependency */,
			);
			name = bletoolTests;
			productName = bletoolTests;
			productReference = 098912B125F25074006F3DFE /* bletoolTests.xctest */;
			productType = "com.apple.product-type.bundle.unit-test";
		};
		098912BB25F25074006F3DFE /* bletoolUITests */ = {
			isa = PBXNativeTarget;
			buildConfigurationList = 098912CB25F25074006F3DFE /* Build configuration list for PBXNativeTarget "bletoolUITests" */;
			buildPhases = (
				AE8765DA8F285E2C57AE3FFE /* [CP] Check Pods Manifest.lock */,
				098912B825F25074006F3DFE /* Sources */,
				098912B925F25074006F3DFE /* Frameworks */,
				098912BA25F25074006F3DFE /* Resources */,
				B16FE8FD83213ECB3AFEE6A9 /* [CP] Embed Pods Frameworks */,
			);
			buildRules = (
			);
			dependencies = (
				098912BE25F25074006F3DFE /* PBXTargetDependency */,
			);
			name = bletoolUITests;
			productName = bletoolUITests;
			productReference = 098912BC25F25074006F3DFE /* bletoolUITests.xctest */;
			productType = "com.apple.product-type.bundle.ui-testing";
		};
/* End PBXNativeTarget section */

/* Begin PBXProject section */
		0989129325F2506C006F3DFE /* Project object */ = {
			isa = PBXProject;
			attributes = {
				LastSwiftUpdateCheck = 1240;
				LastUpgradeCheck = 1310;
				TargetAttributes = {
					0989129A25F2506C006F3DFE = {
						CreatedOnToolsVersion = 12.4;
					};
					098912B025F25074006F3DFE = {
						CreatedOnToolsVersion = 12.4;
						TestTargetID = 0989129A25F2506C006F3DFE;
					};
					098912BB25F25074006F3DFE = {
						CreatedOnToolsVersion = 12.4;
						TestTargetID = 0989129A25F2506C006F3DFE;
					};
				};
			};
			buildConfigurationList = 0989129625F2506C006F3DFE /* Build configuration list for PBXProject "bletool" */;
			compatibilityVersion = "Xcode 9.3";
			developmentRegion = en;
			hasScannedForEncodings = 0;
			knownRegions = (
				en,
				Base,
			);
			mainGroup = 0989129225F2506C006F3DFE;
			packageReferences = (
				EEE3D25927B242A800C9CC71 /* XCRemoteSwiftPackageReference "firebase-ios-sdk" */,
				EE52B86327F0533600AF6706 /* XCRemoteSwiftPackageReference "firebase-ios-sdk" */,
				EE52B86627F0538E00AF6706 /* XCRemoteSwiftPackageReference "firebase-ios-sdk" */,
				EE52B86F27F05C0100AF6706 /* XCRemoteSwiftPackageReference "firebase-ios-sdk" */,
			);
			productRefGroup = 0989129C25F2506C006F3DFE /* Products */;
			projectDirPath = "";
			projectRoot = "";
			targets = (
				0989129A25F2506C006F3DFE /* bletool */,
				098912B025F25074006F3DFE /* bletoolTests */,
				098912BB25F25074006F3DFE /* bletoolUITests */,
			);
		};
/* End PBXProject section */

/* Begin PBXResourcesBuildPhase section */
		0989129925F2506C006F3DFE /* Resources */ = {
			isa = PBXResourcesBuildPhase;
			buildActionMask = 2147483647;
			files = (
				EEAFF7D727BB2B9E00F45DBF /* GoogleService-Info.plist in Resources */,
				EE94AA8927B6C76C0023F50D /* logo.png in Resources */,
				09BD4C1225F28D9F0009E153 /* s5.png in Resources */,
				098912AB25F25074006F3DFE /* LaunchScreen.storyboard in Resources */,
				09BD4C1425F28D9F0009E153 /* s1.png in Resources */,
				098912A825F25074006F3DFE /* Assets.xcassets in Resources */,
				098912A625F2506C006F3DFE /* Main.storyboard in Resources */,
				09BD4C1825F28D9F0009E153 /* ble.png in Resources */,
				09BD4C1325F28D9F0009E153 /* s4.png in Resources */,
				09BD4C1925F28D9F0009E153 /* back.png in Resources */,
				09BD4C1625F28D9F0009E153 /* s2.png in Resources */,
				09BD4C1125F28D9F0009E153 /* ecble.png in Resources */,
				09BD4C1525F28D9F0009E153 /* s3.png in Resources */,
			);
			runOnlyForDeploymentPostprocessing = 0;
		};
		098912AF25F25074006F3DFE /* Resources */ = {
			isa = PBXResourcesBuildPhase;
			buildActionMask = 2147483647;
			files = (
				EEAFF7D827BB2B9E00F45DBF /* GoogleService-Info.plist in Resources */,
			);
			runOnlyForDeploymentPostprocessing = 0;
		};
		098912BA25F25074006F3DFE /* Resources */ = {
			isa = PBXResourcesBuildPhase;
			buildActionMask = 2147483647;
			files = (
				EEAFF7D927BB2B9E00F45DBF /* GoogleService-Info.plist in Resources */,
			);
			runOnlyForDeploymentPostprocessing = 0;
		};
/* End PBXResourcesBuildPhase section */

/* Begin PBXShellScriptBuildPhase section */
		01298C75864E69237A8575B7 /* [CP] Embed Pods Frameworks */ = {
			isa = PBXShellScriptBuildPhase;
			buildActionMask = 2147483647;
			files = (
			);
			inputFileListPaths = (
				"${PODS_ROOT}/Target Support Files/Pods-bletool/Pods-bletool-frameworks-${CONFIGURATION}-input-files.xcfilelist",
			);
			name = "[CP] Embed Pods Frameworks";
			outputFileListPaths = (
				"${PODS_ROOT}/Target Support Files/Pods-bletool/Pods-bletool-frameworks-${CONFIGURATION}-output-files.xcfilelist",
			);
			runOnlyForDeploymentPostprocessing = 0;
			shellPath = /bin/sh;
			shellScript = "\"${PODS_ROOT}/Target Support Files/Pods-bletool/Pods-bletool-frameworks.sh\"\n";
			showEnvVarsInLog = 0;
		};
		1E4470AAE48F82490C77E2D3 /* [CP] Check Pods Manifest.lock */ = {
			isa = PBXShellScriptBuildPhase;
			buildActionMask = 2147483647;
			files = (
			);
			inputFileListPaths = (
			);
			inputPaths = (
				"${PODS_PODFILE_DIR_PATH}/Podfile.lock",
				"${PODS_ROOT}/Manifest.lock",
			);
			name = "[CP] Check Pods Manifest.lock";
			outputFileListPaths = (
			);
			outputPaths = (
				"$(DERIVED_FILE_DIR)/Pods-bletoolTests-checkManifestLockResult.txt",
			);
			runOnlyForDeploymentPostprocessing = 0;
			shellPath = /bin/sh;
			shellScript = "diff \"${PODS_PODFILE_DIR_PATH}/Podfile.lock\" \"${PODS_ROOT}/Manifest.lock\" > /dev/null\nif [ $? != 0 ] ; then\n    # print error to STDERR\n    echo \"error: The sandbox is not in sync with the Podfile.lock. Run 'pod install' or update your CocoaPods installation.\" >&2\n    exit 1\nfi\n# This output is used by Xcode 'outputs' to avoid re-running this script phase.\necho \"SUCCESS\" > \"${SCRIPT_OUTPUT_FILE_0}\"\n";
			showEnvVarsInLog = 0;
		};
		80BB00E957F6A4FD777BB9A3 /* [CP] Check Pods Manifest.lock */ = {
			isa = PBXShellScriptBuildPhase;
			buildActionMask = 2147483647;
			files = (
			);
			inputFileListPaths = (
			);
			inputPaths = (
				"${PODS_PODFILE_DIR_PATH}/Podfile.lock",
				"${PODS_ROOT}/Manifest.lock",
			);
			name = "[CP] Check Pods Manifest.lock";
			outputFileListPaths = (
			);
			outputPaths = (
				"$(DERIVED_FILE_DIR)/Pods-bletool-checkManifestLockResult.txt",
			);
			runOnlyForDeploymentPostprocessing = 0;
			shellPath = /bin/sh;
			shellScript = "diff \"${PODS_PODFILE_DIR_PATH}/Podfile.lock\" \"${PODS_ROOT}/Manifest.lock\" > /dev/null\nif [ $? != 0 ] ; then\n    # print error to STDERR\n    echo \"error: The sandbox is not in sync with the Podfile.lock. Run 'pod install' or update your CocoaPods installation.\" >&2\n    exit 1\nfi\n# This output is used by Xcode 'outputs' to avoid re-running this script phase.\necho \"SUCCESS\" > \"${SCRIPT_OUTPUT_FILE_0}\"\n";
			showEnvVarsInLog = 0;
		};
		AE8765DA8F285E2C57AE3FFE /* [CP] Check Pods Manifest.lock */ = {
			isa = PBXShellScriptBuildPhase;
			buildActionMask = 2147483647;
			files = (
			);
			inputFileListPaths = (
			);
			inputPaths = (
				"${PODS_PODFILE_DIR_PATH}/Podfile.lock",
				"${PODS_ROOT}/Manifest.lock",
			);
			name = "[CP] Check Pods Manifest.lock";
			outputFileListPaths = (
			);
			outputPaths = (
				"$(DERIVED_FILE_DIR)/Pods-bletool-bletoolUITests-checkManifestLockResult.txt",
			);
			runOnlyForDeploymentPostprocessing = 0;
			shellPath = /bin/sh;
			shellScript = "diff \"${PODS_PODFILE_DIR_PATH}/Podfile.lock\" \"${PODS_ROOT}/Manifest.lock\" > /dev/null\nif [ $? != 0 ] ; then\n    # print error to STDERR\n    echo \"error: The sandbox is not in sync with the Podfile.lock. Run 'pod install' or update your CocoaPods installation.\" >&2\n    exit 1\nfi\n# This output is used by Xcode 'outputs' to avoid re-running this script phase.\necho \"SUCCESS\" > \"${SCRIPT_OUTPUT_FILE_0}\"\n";
			showEnvVarsInLog = 0;
		};
		B16FE8FD83213ECB3AFEE6A9 /* [CP] Embed Pods Frameworks */ = {
			isa = PBXShellScriptBuildPhase;
			buildActionMask = 2147483647;
			files = (
			);
			inputFileListPaths = (
				"${PODS_ROOT}/Target Support Files/Pods-bletool-bletoolUITests/Pods-bletool-bletoolUITests-frameworks-${CONFIGURATION}-input-files.xcfilelist",
			);
			name = "[CP] Embed Pods Frameworks";
			outputFileListPaths = (
				"${PODS_ROOT}/Target Support Files/Pods-bletool-bletoolUITests/Pods-bletool-bletoolUITests-frameworks-${CONFIGURATION}-output-files.xcfilelist",
			);
			runOnlyForDeploymentPostprocessing = 0;
			shellPath = /bin/sh;
			shellScript = "\"${PODS_ROOT}/Target Support Files/Pods-bletool-bletoolUITests/Pods-bletool-bletoolUITests-frameworks.sh\"\n";
			showEnvVarsInLog = 0;
		};
/* End PBXShellScriptBuildPhase section */

/* Begin PBXSourcesBuildPhase section */
		0989129725F2506C006F3DFE /* Sources */ = {
			isa = PBXSourcesBuildPhase;
			buildActionMask = 2147483647;
			files = (
				EE52B86227F04C8E00AF6706 /* rf_model.mlmodel in Sources */,
				098912A325F2506C006F3DFE /* ViewController.swift in Sources */,
				097C3F4025F4F9A00021AE12 /* ECBLE.swift in Sources */,
				0989129F25F2506C006F3DFE /* AppDelegate.swift in Sources */,
				099C2AF025F3DEE20035F803 /* DeviceViewController.swift in Sources */,
			);
			runOnlyForDeploymentPostprocessing = 0;
		};
		098912AD25F25074006F3DFE /* Sources */ = {
			isa = PBXSourcesBuildPhase;
			buildActionMask = 2147483647;
			files = (
				098912B625F25074006F3DFE /* bletoolTests.swift in Sources */,
			);
			runOnlyForDeploymentPostprocessing = 0;
		};
		098912B825F25074006F3DFE /* Sources */ = {
			isa = PBXSourcesBuildPhase;
			buildActionMask = 2147483647;
			files = (
				098912C125F25074006F3DFE /* bletoolUITests.swift in Sources */,
			);
			runOnlyForDeploymentPostprocessing = 0;
		};
/* End PBXSourcesBuildPhase section */

/* Begin PBXTargetDependency section */
		098912B325F25074006F3DFE /* PBXTargetDependency */ = {
			isa = PBXTargetDependency;
			target = 0989129A25F2506C006F3DFE /* bletool */;
			targetProxy = 098912B225F25074006F3DFE /* PBXContainerItemProxy */;
		};
		098912BE25F25074006F3DFE /* PBXTargetDependency */ = {
			isa = PBXTargetDependency;
			target = 0989129A25F2506C006F3DFE /* bletool */;
			targetProxy = 098912BD25F25074006F3DFE /* PBXContainerItemProxy */;
		};
/* End PBXTargetDependency section */

/* Begin PBXVariantGroup section */
		098912A425F2506C006F3DFE /* Main.storyboard */ = {
			isa = PBXVariantGroup;
			children = (
				098912A525F2506C006F3DFE /* Base */,
			);
			name = Main.storyboard;
			sourceTree = "<group>";
		};
		098912A925F25074006F3DFE /* LaunchScreen.storyboard */ = {
			isa = PBXVariantGroup;
			children = (
				098912AA25F25074006F3DFE /* Base */,
			);
			name = LaunchScreen.storyboard;
			sourceTree = "<group>";
		};
/* End PBXVariantGroup section */

/* Begin XCBuildConfiguration section */
		098912C325F25074006F3DFE /* Debug */ = {
			isa = XCBuildConfiguration;
			buildSettings = {
				ALWAYS_SEARCH_USER_PATHS = NO;
				CLANG_ANALYZER_NONNULL = YES;
				CLANG_ANALYZER_NUMBER_OBJECT_CONVERSION = YES_AGGRESSIVE;
				CLANG_CXX_LANGUAGE_STANDARD = "gnu++14";
				CLANG_CXX_LIBRARY = "libc++";
				CLANG_ENABLE_MODULES = YES;
				CLANG_ENABLE_OBJC_ARC = YES;
				CLANG_ENABLE_OBJC_WEAK = YES;
				CLANG_WARN_BLOCK_CAPTURE_AUTORELEASING = YES;
				CLANG_WARN_BOOL_CONVERSION = YES;
				CLANG_WARN_COMMA = YES;
				CLANG_WARN_CONSTANT_CONVERSION = YES;
				CLANG_WARN_DEPRECATED_OBJC_IMPLEMENTATIONS = YES;
				CLANG_WARN_DIRECT_OBJC_ISA_USAGE = YES_ERROR;
				CLANG_WARN_DOCUMENTATION_COMMENTS = YES;
				CLANG_WARN_EMPTY_BODY = YES;
				CLANG_WARN_ENUM_CONVERSION = YES;
				CLANG_WARN_INFINITE_RECURSION = YES;
				CLANG_WARN_INT_CONVERSION = YES;
				CLANG_WARN_NON_LITERAL_NULL_CONVERSION = YES;
				CLANG_WARN_OBJC_IMPLICIT_RETAIN_SELF = YES;
				CLANG_WARN_OBJC_LITERAL_CONVERSION = YES;
				CLANG_WARN_OBJC_ROOT_CLASS = YES_ERROR;
				CLANG_WARN_QUOTED_INCLUDE_IN_FRAMEWORK_HEADER = YES;
				CLANG_WARN_RANGE_LOOP_ANALYSIS = YES;
				CLANG_WARN_STRICT_PROTOTYPES = YES;
				CLANG_WARN_SUSPICIOUS_MOVE = YES;
				CLANG_WARN_UNGUARDED_AVAILABILITY = YES_AGGRESSIVE;
				CLANG_WARN_UNREACHABLE_CODE = YES;
				CLANG_WARN__DUPLICATE_METHOD_MATCH = YES;
				COPY_PHASE_STRIP = NO;
				DEBUG_INFORMATION_FORMAT = dwarf;
				ENABLE_STRICT_OBJC_MSGSEND = YES;
				ENABLE_TESTABILITY = YES;
				GCC_C_LANGUAGE_STANDARD = gnu11;
				GCC_DYNAMIC_NO_PIC = NO;
				GCC_NO_COMMON_BLOCKS = YES;
				GCC_OPTIMIZATION_LEVEL = 0;
				GCC_PREPROCESSOR_DEFINITIONS = (
					"DEBUG=1",
					"$(inherited)",
				);
				GCC_WARN_64_TO_32_BIT_CONVERSION = YES;
				GCC_WARN_ABOUT_RETURN_TYPE = YES_ERROR;
				GCC_WARN_UNDECLARED_SELECTOR = YES;
				GCC_WARN_UNINITIALIZED_AUTOS = YES_AGGRESSIVE;
				GCC_WARN_UNUSED_FUNCTION = YES;
				GCC_WARN_UNUSED_VARIABLE = YES;
				IPHONEOS_DEPLOYMENT_TARGET = 12.0;
				MTL_ENABLE_DEBUG_INFO = INCLUDE_SOURCE;
				MTL_FAST_MATH = YES;
				ONLY_ACTIVE_ARCH = YES;
				SDKROOT = iphoneos;
				SWIFT_ACTIVE_COMPILATION_CONDITIONS = DEBUG;
				SWIFT_OPTIMIZATION_LEVEL = "-Onone";
				VALIDATE_PRODUCT = YES;
			};
			name = Debug;
		};
		098912C425F25074006F3DFE /* Release */ = {
			isa = XCBuildConfiguration;
			buildSettings = {
				ALWAYS_SEARCH_USER_PATHS = NO;
				CLANG_ANALYZER_NONNULL = YES;
				CLANG_ANALYZER_NUMBER_OBJECT_CONVERSION = YES_AGGRESSIVE;
				CLANG_CXX_LANGUAGE_STANDARD = "gnu++14";
				CLANG_CXX_LIBRARY = "libc++";
				CLANG_ENABLE_MODULES = YES;
				CLANG_ENABLE_OBJC_ARC = YES;
				CLANG_ENABLE_OBJC_WEAK = YES;
				CLANG_WARN_BLOCK_CAPTURE_AUTORELEASING = YES;
				CLANG_WARN_BOOL_CONVERSION = YES;
				CLANG_WARN_COMMA = YES;
				CLANG_WARN_CONSTANT_CONVERSION = YES;
				CLANG_WARN_DEPRECATED_OBJC_IMPLEMENTATIONS = YES;
				CLANG_WARN_DIRECT_OBJC_ISA_USAGE = YES_ERROR;
				CLANG_WARN_DOCUMENTATION_COMMENTS = YES;
				CLANG_WARN_EMPTY_BODY = YES;
				CLANG_WARN_ENUM_CONVERSION = YES;
				CLANG_WARN_INFINITE_RECURSION = YES;
				CLANG_WARN_INT_CONVERSION = YES;
				CLANG_WARN_NON_LITERAL_NULL_CONVERSION = YES;
				CLANG_WARN_OBJC_IMPLICIT_RETAIN_SELF = YES;
				CLANG_WARN_OBJC_LITERAL_CONVERSION = YES;
				CLANG_WARN_OBJC_ROOT_CLASS = YES_ERROR;
				CLANG_WARN_QUOTED_INCLUDE_IN_FRAMEWORK_HEADER = YES;
				CLANG_WARN_RANGE_LOOP_ANALYSIS = YES;
				CLANG_WARN_STRICT_PROTOTYPES = YES;
				CLANG_WARN_SUSPICIOUS_MOVE = YES;
				CLANG_WARN_UNGUARDED_AVAILABILITY = YES_AGGRESSIVE;
				CLANG_WARN_UNREACHABLE_CODE = YES;
				CLANG_WARN__DUPLICATE_METHOD_MATCH = YES;
				COPY_PHASE_STRIP = NO;
				DEBUG_INFORMATION_FORMAT = "dwarf-with-dsym";
				ENABLE_NS_ASSERTIONS = NO;
				ENABLE_STRICT_OBJC_MSGSEND = YES;
				GCC_C_LANGUAGE_STANDARD = gnu11;
				GCC_NO_COMMON_BLOCKS = YES;
				GCC_WARN_64_TO_32_BIT_CONVERSION = YES;
				GCC_WARN_ABOUT_RETURN_TYPE = YES_ERROR;
				GCC_WARN_UNDECLARED_SELECTOR = YES;
				GCC_WARN_UNINITIALIZED_AUTOS = YES_AGGRESSIVE;
				GCC_WARN_UNUSED_FUNCTION = YES;
				GCC_WARN_UNUSED_VARIABLE = YES;
				IPHONEOS_DEPLOYMENT_TARGET = 12.0;
				MTL_ENABLE_DEBUG_INFO = NO;
				MTL_FAST_MATH = YES;
				SDKROOT = iphoneos;
				SWIFT_COMPILATION_MODE = wholemodule;
				SWIFT_OPTIMIZATION_LEVEL = "-O";
				VALIDATE_PRODUCT = YES;
			};
			name = Release;
		};
		098912C625F25074006F3DFE /* Debug */ = {
			isa = XCBuildConfiguration;
			baseConfigurationReference = 58BDAC886E8EC99986B16686 /* Pods-bletool.debug.xcconfig */;
			buildSettings = {
				ASSETCATALOG_COMPILER_APPICON_NAME = AppIcon;
				ASSETCATALOG_COMPILER_GLOBAL_ACCENT_COLOR_NAME = AccentColor;
				CODE_SIGN_STYLE = Automatic;
				CURRENT_PROJECT_VERSION = 1;
				DEVELOPMENT_TEAM = K9S953RMY4;
				INFOPLIST_FILE = bletool/Info.plist;
				LD_RUNPATH_SEARCH_PATHS = (
					"$(inherited)",
					"@executable_path/Frameworks",
				);
				MARKETING_VERSION = 1.2;
				PRODUCT_BUNDLE_IDENTIFIER = com.nus.fangaoyige;
				PRODUCT_NAME = "$(TARGET_NAME)";
				SWIFT_VERSION = 5.0;
				TARGETED_DEVICE_FAMILY = "1,2";
			};
			name = Debug;
		};
		098912C725F25074006F3DFE /* Release */ = {
			isa = XCBuildConfiguration;
			baseConfigurationReference = 7F251D5110CAFFB97C7890E1 /* Pods-bletool.release.xcconfig */;
			buildSettings = {
				ASSETCATALOG_COMPILER_APPICON_NAME = AppIcon;
				ASSETCATALOG_COMPILER_GLOBAL_ACCENT_COLOR_NAME = AccentColor;
				CODE_SIGN_STYLE = Automatic;
				CURRENT_PROJECT_VERSION = 1;
				DEVELOPMENT_TEAM = K9S953RMY4;
				INFOPLIST_FILE = bletool/Info.plist;
				LD_RUNPATH_SEARCH_PATHS = (
					"$(inherited)",
					"@executable_path/Frameworks",
				);
				MARKETING_VERSION = 1.2;
				PRODUCT_BUNDLE_IDENTIFIER = com.nus.fangaoyige;
				PRODUCT_NAME = "$(TARGET_NAME)";
				SWIFT_VERSION = 5.0;
				TARGETED_DEVICE_FAMILY = "1,2";
			};
			name = Release;
		};
		098912C925F25074006F3DFE /* Debug */ = {
			isa = XCBuildConfiguration;
			baseConfigurationReference = BC49F8341B7702B05007E662 /* Pods-bletoolTests.debug.xcconfig */;
			buildSettings = {
				ALWAYS_EMBED_SWIFT_STANDARD_LIBRARIES = YES;
				BUNDLE_LOADER = "$(TEST_HOST)";
				CODE_SIGN_STYLE = Automatic;
				DEVELOPMENT_TEAM = K9S953RMY4;
				INFOPLIST_FILE = bletoolTests/Info.plist;
				IPHONEOS_DEPLOYMENT_TARGET = 14.4;
				LD_RUNPATH_SEARCH_PATHS = (
					"$(inherited)",
					"@executable_path/Frameworks",
					"@loader_path/Frameworks",
				);
				PRODUCT_BUNDLE_IDENTIFIER = eciot.bletoolTests;
				PRODUCT_NAME = "$(TARGET_NAME)";
				SWIFT_VERSION = 5.0;
				TARGETED_DEVICE_FAMILY = "1,2";
				TEST_HOST = "$(BUILT_PRODUCTS_DIR)/bletool.app/bletool";
			};
			name = Debug;
		};
		098912CA25F25074006F3DFE /* Release */ = {
			isa = XCBuildConfiguration;
			baseConfigurationReference = 5F1C2046380B0AAD46AC1DC5 /* Pods-bletoolTests.release.xcconfig */;
			buildSettings = {
				ALWAYS_EMBED_SWIFT_STANDARD_LIBRARIES = YES;
				BUNDLE_LOADER = "$(TEST_HOST)";
				CODE_SIGN_STYLE = Automatic;
				DEVELOPMENT_TEAM = K9S953RMY4;
				INFOPLIST_FILE = bletoolTests/Info.plist;
				IPHONEOS_DEPLOYMENT_TARGET = 14.4;
				LD_RUNPATH_SEARCH_PATHS = (
					"$(inherited)",
					"@executable_path/Frameworks",
					"@loader_path/Frameworks",
				);
				PRODUCT_BUNDLE_IDENTIFIER = eciot.bletoolTests;
				PRODUCT_NAME = "$(TARGET_NAME)";
				SWIFT_VERSION = 5.0;
				TARGETED_DEVICE_FAMILY = "1,2";
				TEST_HOST = "$(BUILT_PRODUCTS_DIR)/bletool.app/bletool";
			};
			name = Release;
		};
		098912CC25F25074006F3DFE /* Debug */ = {
			isa = XCBuildConfiguration;
			baseConfigurationReference = 1645DAD8924A62B91905C7BD /* Pods-bletool-bletoolUITests.debug.xcconfig */;
			buildSettings = {
				ALWAYS_EMBED_SWIFT_STANDARD_LIBRARIES = YES;
				CODE_SIGN_STYLE = Automatic;
				DEVELOPMENT_TEAM = K9S953RMY4;
				INFOPLIST_FILE = bletoolUITests/Info.plist;
				LD_RUNPATH_SEARCH_PATHS = (
					"$(inherited)",
					"@executable_path/Frameworks",
					"@loader_path/Frameworks",
				);
				PRODUCT_BUNDLE_IDENTIFIER = eciot.bletoolUITests;
				PRODUCT_NAME = "$(TARGET_NAME)";
				SWIFT_VERSION = 5.0;
				TARGETED_DEVICE_FAMILY = "1,2";
				TEST_TARGET_NAME = bletool;
			};
			name = Debug;
		};
		098912CD25F25074006F3DFE /* Release */ = {
			isa = XCBuildConfiguration;
			baseConfigurationReference = 70355D2AD31FE06D7E271020 /* Pods-bletool-bletoolUITests.release.xcconfig */;
			buildSettings = {
				ALWAYS_EMBED_SWIFT_STANDARD_LIBRARIES = YES;
				CODE_SIGN_STYLE = Automatic;
				DEVELOPMENT_TEAM = K9S953RMY4;
				INFOPLIST_FILE = bletoolUITests/Info.plist;
				LD_RUNPATH_SEARCH_PATHS = (
					"$(inherited)",
					"@executable_path/Frameworks",
					"@loader_path/Frameworks",
				);
				PRODUCT_BUNDLE_IDENTIFIER = eciot.bletoolUITests;
				PRODUCT_NAME = "$(TARGET_NAME)";
				SWIFT_VERSION = 5.0;
				TARGETED_DEVICE_FAMILY = "1,2";
				TEST_TARGET_NAME = bletool;
			};
			name = Release;
		};
/* End XCBuildConfiguration section */

/* Begin XCConfigurationList section */
		0989129625F2506C006F3DFE /* Build configuration list for PBXProject "bletool" */ = {
			isa = XCConfigurationList;
			buildConfigurations = (
				098912C325F25074006F3DFE /* Debug */,
				098912C425F25074006F3DFE /* Release */,
			);
			defaultConfigurationIsVisible = 0;
			defaultConfigurationName = Release;
		};
		098912C525F25074006F3DFE /* Build configuration list for PBXNativeTarget "bletool" */ = {
			isa = XCConfigurationList;
			buildConfigurations = (
				098912C625F25074006F3DFE /* Debug */,
				098912C725F25074006F3DFE /* Release */,
			);
			defaultConfigurationIsVisible = 0;
			defaultConfigurationName = Release;
		};
		098912C825F25074006F3DFE /* Build configuration list for PBXNativeTarget "bletoolTests" */ = {
			isa = XCConfigurationList;
			buildConfigurations = (
				098912C925F25074006F3DFE /* Debug */,
				098912CA25F25074006F3DFE /* Release */,
			);
			defaultConfigurationIsVisible = 0;
			defaultConfigurationName = Release;
		};
		098912CB25F25074006F3DFE /* Build configuration list for PBXNativeTarget "bletoolUITests" */ = {
			isa = XCConfigurationList;
			buildConfigurations = (
				098912CC25F25074006F3DFE /* Debug */,
				098912CD25F25074006F3DFE /* Release */,
			);
			defaultConfigurationIsVisible = 0;
			defaultConfigurationName = Release;
		};
/* End XCConfigurationList section */

/* Begin XCRemoteSwiftPackageReference section */
		EE52B86327F0533600AF6706 /* XCRemoteSwiftPackageReference "firebase-ios-sdk" */ = {
			isa = XCRemoteSwiftPackageReference;
			repositoryURL = "https://github.com/firebase/firebase-ios-sdk";
			requirement = {
				branch = master;
				kind = branch;
			};
		};
		EE52B86627F0538E00AF6706 /* XCRemoteSwiftPackageReference "firebase-ios-sdk" */ = {
			isa = XCRemoteSwiftPackageReference;
			repositoryURL = "https://github.com/firebase/firebase-ios-sdk";
			requirement = {
				branch = master;
				kind = branch;
			};
		};
		EE52B86F27F05C0100AF6706 /* XCRemoteSwiftPackageReference "firebase-ios-sdk" */ = {
			isa = XCRemoteSwiftPackageReference;
			repositoryURL = "https://github.com/firebase/firebase-ios-sdk";
			requirement = {
				kind = upToNextMajorVersion;
				minimumVersion = 8.0.0;
			};
		};
		EEE3D25927B242A800C9CC71 /* XCRemoteSwiftPackageReference "firebase-ios-sdk" */ = {
			isa = XCRemoteSwiftPackageReference;
			repositoryURL = "https://github.com/firebase/firebase-ios-sdk";
			requirement = {
				kind = exactVersion;
				version = 8.9.1;
			};
		};
/* End XCRemoteSwiftPackageReference section */

/* Begin XCSwiftPackageProductDependency section */
		EE52B87027F05C0100AF6706 /* FirebaseAnalytics */ = {
			isa = XCSwiftPackageProductDependency;
			package = EE52B86F27F05C0100AF6706 /* XCRemoteSwiftPackageReference "firebase-ios-sdk" */;
			productName = FirebaseAnalytics;
		};
		EE52B87227F05C0100AF6706 /* FirebaseDatabase */ = {
			isa = XCSwiftPackageProductDependency;
			package = EE52B86F27F05C0100AF6706 /* XCRemoteSwiftPackageReference "firebase-ios-sdk" */;
			productName = FirebaseDatabase;
		};
/* End XCSwiftPackageProductDependency section */
	};
	rootObject = 0989129325F2506C006F3DFE /* Project object */;
}
